
Microsoft Visual Studio Solution File, Format Version 12.00
# Visual Studio Version 17
VisualStudioVersion = 17.14.36212.18 d17.14
MinimumVisualStudioVersion = 10.0.40219.1
Project("{FAE04EC0-301F-11D3-BF4B-00C04F79EFBC}") = "APIJWTPET", "APIJWTPET\APIJWTPET.csproj", "{7C7DCBA9-26AE-4E66-B927-A600E10DBFDD}"
EndProject
Global
	GlobalSection(SolutionConfigurationPlatforms) = preSolution
		Debug|Any CPU = Debug|Any CPU
		Release|Any CPU = Release|Any CPU
	EndGlobalSection
	GlobalSection(ProjectConfigurationPlatforms) = postSolution
		{7C7DCBA9-26AE-4E66-B927-A600E10DBFDD}.Debug|Any CPU.ActiveCfg = Debug|Any CPU
		{7C7DCBA9-26AE-4E66-B927-A600E10DBFDD}.Debug|Any CPU.Build.0 = Debug|Any CPU
		{7C7DCBA9-26AE-4E66-B927-A600E10DBFDD}.Release|Any CPU.ActiveCfg = Release|Any CPU
		{7C7DCBA9-26AE-4E66-B927-A600E10DBFDD}.Release|Any CPU.Build.0 = Release|Any CPU
	EndGlobalSection
	GlobalSection(SolutionProperties) = preSolution
		HideSolutionNode = FALSE
	EndGlobalSection
	GlobalSection(ExtensibilityGlobals) = postSolution
		SolutionGuid = {AA154C47-11EA-4835-AC27-B4DB3C50C7EC}
	EndGlobalSection
EndGlobal
